// !$*UTF8*$!
{
	archiveVersion = 1;
	classes = {
	};
	objectVersion = 46;
	objects = {

/* Begin PBXBuildFile section */
		2D14D1D91CAFB0F30092D471 /* SettingsTableViewController.swift in Sources */ = {isa = PBXBuildFile; fileRef = 2D14D1D81CAFB0F30092D471 /* SettingsTableViewController.swift */; };
		2D14D1DC1CAFB92B0092D471 /* SettingsKey.swift in Sources */ = {isa = PBXBuildFile; fileRef = 2D14D1DB1CAFB92B0092D471 /* SettingsKey.swift */; };
		862566391C94106200BC131D /* main.m in Sources */ = {isa = PBXBuildFile; fileRef = 862566381C94106200BC131D /* main.m */; };
		8625663C1C94106200BC131D /* AppDelegate.m in Sources */ = {isa = PBXBuildFile; fileRef = 8625663B1C94106200BC131D /* AppDelegate.m */; };
		8625663F1C94106200BC131D /* ViewController.m in Sources */ = {isa = PBXBuildFile; fileRef = 8625663E1C94106200BC131D /* ViewController.m */; };
		862566421C94106200BC131D /* Main.storyboard in Resources */ = {isa = PBXBuildFile; fileRef = 862566401C94106200BC131D /* Main.storyboard */; };
		862566441C94106200BC131D /* Assets.xcassets in Resources */ = {isa = PBXBuildFile; fileRef = 862566431C94106200BC131D /* Assets.xcassets */; };
		862566471C94106200BC131D /* LaunchScreen.storyboard in Resources */ = {isa = PBXBuildFile; fileRef = 862566451C94106200BC131D /* LaunchScreen.storyboard */; };
		8625665D1C94106300BC131D /* MonkeyNewsUITests.m in Sources */ = {isa = PBXBuildFile; fileRef = 8625665C1C94106300BC131D /* MonkeyNewsUITests.m */; };
		8625666D1C942BB700BC131D /* StoryModel.m in Sources */ = {isa = PBXBuildFile; fileRef = 8625666C1C942BB700BC131D /* StoryModel.m */; };
		862566701C942DE700BC131D /* StoryCollection.m in Sources */ = {isa = PBXBuildFile; fileRef = 8625666F1C942DE700BC131D /* StoryCollection.m */; };
		862566741C94437A00BC131D /* StoryTableViewCell.m in Sources */ = {isa = PBXBuildFile; fileRef = 862566731C94437A00BC131D /* StoryTableViewCell.m */; };
		862E6A741C9D45FB004A2594 /* HackerNewsAPI.swift in Sources */ = {isa = PBXBuildFile; fileRef = 862E6A731C9D45FB004A2594 /* HackerNewsAPI.swift */; };
		862E6A761C9D4C06004A2594 /* HackerNewsComm.swift in Sources */ = {isa = PBXBuildFile; fileRef = 862E6A751C9D4C06004A2594 /* HackerNewsComm.swift */; };
		862E6A7E1C9D5F87004A2594 /* MonkeyNewsTests.swift in Sources */ = {isa = PBXBuildFile; fileRef = 862E6A7D1C9D5F87004A2594 /* MonkeyNewsTests.swift */; };
		864AE4AE1C9D73C50086C5C8 /* Podfile in Resources */ = {isa = PBXBuildFile; fileRef = 864AE4AD1C9D73C50086C5C8 /* Podfile */; };
		86984C961CA686300042A9DF /* StoryViewController.swift in Sources */ = {isa = PBXBuildFile; fileRef = 86984C951CA686300042A9DF /* StoryViewController.swift */; };
		86A8385F1C9D8E1C00729968 /* HackerNewsTableTableViewController.swift in Sources */ = {isa = PBXBuildFile; fileRef = 86A8385E1C9D8E1C00729968 /* HackerNewsTableTableViewController.swift */; };
		E3CC1660C3C8D34F21A2ECF5 /* Pods.framework in Frameworks */ = {isa = PBXBuildFile; fileRef = 95BDFFF23A18820A9E611FEE /* Pods.framework */; };
/* End PBXBuildFile section */

/* Begin PBXContainerItemProxy section */
		862566591C94106300BC131D /* PBXContainerItemProxy */ = {
			isa = PBXContainerItemProxy;
			containerPortal = 8625662C1C94106200BC131D /* Project object */;
			proxyType = 1;
			remoteGlobalIDString = 862566331C94106200BC131D;
			remoteInfo = MonkeyNews;
		};
		862E6A801C9D5F87004A2594 /* PBXContainerItemProxy */ = {
			isa = PBXContainerItemProxy;
			containerPortal = 8625662C1C94106200BC131D /* Project object */;
			proxyType = 1;
			remoteGlobalIDString = 862566331C94106200BC131D;
			remoteInfo = MonkeyNews;
		};
/* End PBXContainerItemProxy section */

/* Begin PBXFileReference section */
		2D14D1D81CAFB0F30092D471 /* SettingsTableViewController.swift */ = {isa = PBXFileReference; fileEncoding = 4; lastKnownFileType = sourcecode.swift; path = SettingsTableViewController.swift; sourceTree = "<group>"; };
		2D14D1DB1CAFB92B0092D471 /* SettingsKey.swift */ = {isa = PBXFileReference; fileEncoding = 4; lastKnownFileType = sourcecode.swift; path = SettingsKey.swift; sourceTree = "<group>"; };
		862566341C94106200BC131D /* MonkeyNews.app */ = {isa = PBXFileReference; explicitFileType = wrapper.application; includeInIndex = 0; path = MonkeyNews.app; sourceTree = BUILT_PRODUCTS_DIR; };
		862566381C94106200BC131D /* main.m */ = {isa = PBXFileReference; lastKnownFileType = sourcecode.c.objc; path = main.m; sourceTree = "<group>"; };
		8625663A1C94106200BC131D /* AppDelegate.h */ = {isa = PBXFileReference; lastKnownFileType = sourcecode.c.h; path = AppDelegate.h; sourceTree = "<group>"; };
		8625663B1C94106200BC131D /* AppDelegate.m */ = {isa = PBXFileReference; lastKnownFileType = sourcecode.c.objc; path = AppDelegate.m; sourceTree = "<group>"; };
		8625663D1C94106200BC131D /* ViewController.h */ = {isa = PBXFileReference; lastKnownFileType = sourcecode.c.h; name = ViewController.h; path = MonkeyNews/ViewController.h; sourceTree = "<group>"; };
		8625663E1C94106200BC131D /* ViewController.m */ = {isa = PBXFileReference; lastKnownFileType = sourcecode.c.objc; name = ViewController.m; path = MonkeyNews/ViewController.m; sourceTree = "<group>"; };
		862566411C94106200BC131D /* Base */ = {isa = PBXFileReference; lastKnownFileType = file.storyboard; name = Base; path = Base.lproj/Main.storyboard; sourceTree = "<group>"; };
		862566431C94106200BC131D /* Assets.xcassets */ = {isa = PBXFileReference; lastKnownFileType = folder.assetcatalog; path = Assets.xcassets; sourceTree = "<group>"; };
		862566461C94106200BC131D /* Base */ = {isa = PBXFileReference; lastKnownFileType = file.storyboard; name = Base; path = Base.lproj/LaunchScreen.storyboard; sourceTree = "<group>"; };
		862566481C94106200BC131D /* Info.plist */ = {isa = PBXFileReference; lastKnownFileType = text.plist.xml; path = Info.plist; sourceTree = "<group>"; };
		862566581C94106300BC131D /* MonkeyNewsUITests.xctest */ = {isa = PBXFileReference; explicitFileType = wrapper.cfbundle; includeInIndex = 0; path = MonkeyNewsUITests.xctest; sourceTree = BUILT_PRODUCTS_DIR; };
		8625665C1C94106300BC131D /* MonkeyNewsUITests.m */ = {isa = PBXFileReference; lastKnownFileType = sourcecode.c.objc; path = MonkeyNewsUITests.m; sourceTree = "<group>"; };
		8625665E1C94106300BC131D /* Info.plist */ = {isa = PBXFileReference; lastKnownFileType = text.plist.xml; path = Info.plist; sourceTree = "<group>"; };
		8625666B1C942BB700BC131D /* StoryModel.h */ = {isa = PBXFileReference; fileEncoding = 4; lastKnownFileType = sourcecode.c.h; name = StoryModel.h; path = MonkeyNews/StoryModel.h; sourceTree = "<group>"; };
		8625666C1C942BB700BC131D /* StoryModel.m */ = {isa = PBXFileReference; fileEncoding = 4; lastKnownFileType = sourcecode.c.objc; name = StoryModel.m; path = MonkeyNews/StoryModel.m; sourceTree = "<group>"; };
		8625666E1C942DE700BC131D /* StoryCollection.h */ = {isa = PBXFileReference; fileEncoding = 4; lastKnownFileType = sourcecode.c.h; name = StoryCollection.h; path = MonkeyNews/StoryCollection.h; sourceTree = "<group>"; };
		8625666F1C942DE700BC131D /* StoryCollection.m */ = {isa = PBXFileReference; fileEncoding = 4; lastKnownFileType = sourcecode.c.objc; name = StoryCollection.m; path = MonkeyNews/StoryCollection.m; sourceTree = "<group>"; };
		862566721C94437A00BC131D /* StoryTableViewCell.h */ = {isa = PBXFileReference; fileEncoding = 4; lastKnownFileType = sourcecode.c.h; path = StoryTableViewCell.h; sourceTree = "<group>"; };
		862566731C94437A00BC131D /* StoryTableViewCell.m */ = {isa = PBXFileReference; fileEncoding = 4; lastKnownFileType = sourcecode.c.objc; path = StoryTableViewCell.m; sourceTree = "<group>"; };
		862E6A721C9D45FB004A2594 /* MonkeyNews-Bridging-Header.h */ = {isa = PBXFileReference; lastKnownFileType = sourcecode.c.h; path = "MonkeyNews-Bridging-Header.h"; sourceTree = SOURCE_ROOT; };
		862E6A731C9D45FB004A2594 /* HackerNewsAPI.swift */ = {isa = PBXFileReference; fileEncoding = 4; lastKnownFileType = sourcecode.swift; path = HackerNewsAPI.swift; sourceTree = "<group>"; };
		862E6A751C9D4C06004A2594 /* HackerNewsComm.swift */ = {isa = PBXFileReference; fileEncoding = 4; lastKnownFileType = sourcecode.swift; path = HackerNewsComm.swift; sourceTree = "<group>"; };
		862E6A7B1C9D5F87004A2594 /* MonkeyNewsTests.xctest */ = {isa = PBXFileReference; explicitFileType = wrapper.cfbundle; includeInIndex = 0; path = MonkeyNewsTests.xctest; sourceTree = BUILT_PRODUCTS_DIR; };
		862E6A7D1C9D5F87004A2594 /* MonkeyNewsTests.swift */ = {isa = PBXFileReference; lastKnownFileType = sourcecode.swift; path = MonkeyNewsTests.swift; sourceTree = "<group>"; };
		862E6A7F1C9D5F87004A2594 /* Info.plist */ = {isa = PBXFileReference; lastKnownFileType = text.plist.xml; path = Info.plist; sourceTree = "<group>"; };
		864AE4AD1C9D73C50086C5C8 /* Podfile */ = {isa = PBXFileReference; fileEncoding = 4; lastKnownFileType = text; path = Podfile; sourceTree = "<group>"; xcLanguageSpecificationIdentifier = xcode.lang.ruby; };
		86984C951CA686300042A9DF /* StoryViewController.swift */ = {isa = PBXFileReference; fileEncoding = 4; lastKnownFileType = sourcecode.swift; path = StoryViewController.swift; sourceTree = "<group>"; };
		86A8385E1C9D8E1C00729968 /* HackerNewsTableTableViewController.swift */ = {isa = PBXFileReference; fileEncoding = 4; lastKnownFileType = sourcecode.swift; path = HackerNewsTableTableViewController.swift; sourceTree = "<group>"; };
		95BDFFF23A18820A9E611FEE /* Pods.framework */ = {isa = PBXFileReference; explicitFileType = wrapper.framework; includeInIndex = 0; path = Pods.framework; sourceTree = BUILT_PRODUCTS_DIR; };
		EB647ED86534567A36B9575F /* Pods.debug.xcconfig */ = {isa = PBXFileReference; includeInIndex = 1; lastKnownFileType = text.xcconfig; name = Pods.debug.xcconfig; path = "Pods/Target Support Files/Pods/Pods.debug.xcconfig"; sourceTree = "<group>"; };
		EB79D3E70CAB7A8057255785 /* Pods.release.xcconfig */ = {isa = PBXFileReference; includeInIndex = 1; lastKnownFileType = text.xcconfig; name = Pods.release.xcconfig; path = "Pods/Target Support Files/Pods/Pods.release.xcconfig"; sourceTree = "<group>"; };
/* End PBXFileReference section */

/* Begin PBXFrameworksBuildPhase section */
		862566311C94106200BC131D /* Frameworks */ = {
			isa = PBXFrameworksBuildPhase;
			buildActionMask = 2147483647;
			files = (
				E3CC1660C3C8D34F21A2ECF5 /* Pods.framework in Frameworks */,
			);
			runOnlyForDeploymentPostprocessing = 0;
		};
		862566551C94106300BC131D /* Frameworks */ = {
			isa = PBXFrameworksBuildPhase;
			buildActionMask = 2147483647;
			files = (
			);
			runOnlyForDeploymentPostprocessing = 0;
		};
		862E6A781C9D5F87004A2594 /* Frameworks */ = {
			isa = PBXFrameworksBuildPhase;
			buildActionMask = 2147483647;
			files = (
			);
			runOnlyForDeploymentPostprocessing = 0;
		};
/* End PBXFrameworksBuildPhase section */

/* Begin PBXGroup section */
		13E62FE252526699F9D71674 /* Frameworks */ = {
			isa = PBXGroup;
			children = (
				95BDFFF23A18820A9E611FEE /* Pods.framework */,
			);
			name = Frameworks;
			sourceTree = "<group>";
		};
		2D14D1DA1CAFB8CB0092D471 /* Settings */ = {
			isa = PBXGroup;
			children = (
				2D14D1DB1CAFB92B0092D471 /* SettingsKey.swift */,
			);
			name = Settings;
			sourceTree = "<group>";
		};
		8625662B1C94106200BC131D = {
			isa = PBXGroup;
			children = (
				864AE4AD1C9D73C50086C5C8 /* Podfile */,
				862566361C94106200BC131D /* MonkeyNews */,
				8625665B1C94106300BC131D /* MonkeyNewsUITests */,
				862E6A7C1C9D5F87004A2594 /* MonkeyNewsTests */,
				862566351C94106200BC131D /* Products */,
				D5289AC432DA09D09CE2B333 /* Pods */,
				13E62FE252526699F9D71674 /* Frameworks */,
			);
			sourceTree = "<group>";
		};
		862566351C94106200BC131D /* Products */ = {
			isa = PBXGroup;
			children = (
				862566341C94106200BC131D /* MonkeyNews.app */,
				862566581C94106300BC131D /* MonkeyNewsUITests.xctest */,
				862E6A7B1C9D5F87004A2594 /* MonkeyNewsTests.xctest */,
			);
			name = Products;
			sourceTree = "<group>";
		};
		862566361C94106200BC131D /* MonkeyNews */ = {
			isa = PBXGroup;
			children = (
				2D14D1DA1CAFB8CB0092D471 /* Settings */,
				86A8385D1C9D8DD900729968 /* Controllers */,
				862E6A711C9D45C6004A2594 /* Comm */,
				862566711C94431A00BC131D /* Views */,
				8625666A1C942B6900BC131D /* Models */,
				8625663A1C94106200BC131D /* AppDelegate.h */,
				8625663B1C94106200BC131D /* AppDelegate.m */,
				862566401C94106200BC131D /* Main.storyboard */,
				862566431C94106200BC131D /* Assets.xcassets */,
				862566451C94106200BC131D /* LaunchScreen.storyboard */,
				862566481C94106200BC131D /* Info.plist */,
				862566371C94106200BC131D /* Supporting Files */,
			);
			path = MonkeyNews;
			sourceTree = "<group>";
		};
		862566371C94106200BC131D /* Supporting Files */ = {
			isa = PBXGroup;
			children = (
				862E6A721C9D45FB004A2594 /* MonkeyNews-Bridging-Header.h */,
				862566381C94106200BC131D /* main.m */,
			);
			name = "Supporting Files";
			sourceTree = "<group>";
		};
		8625665B1C94106300BC131D /* MonkeyNewsUITests */ = {
			isa = PBXGroup;
			children = (
				8625665C1C94106300BC131D /* MonkeyNewsUITests.m */,
				8625665E1C94106300BC131D /* Info.plist */,
			);
			path = MonkeyNewsUITests;
			sourceTree = "<group>";
		};
		8625666A1C942B6900BC131D /* Models */ = {
			isa = PBXGroup;
			children = (
				8625666B1C942BB700BC131D /* StoryModel.h */,
				8625666C1C942BB700BC131D /* StoryModel.m */,
				8625666E1C942DE700BC131D /* StoryCollection.h */,
				8625666F1C942DE700BC131D /* StoryCollection.m */,
			);
			name = Models;
			path = ..;
			sourceTree = "<group>";
		};
		862566711C94431A00BC131D /* Views */ = {
			isa = PBXGroup;
			children = (
				862566721C94437A00BC131D /* StoryTableViewCell.h */,
				862566731C94437A00BC131D /* StoryTableViewCell.m */,
			);
			name = Views;
			path = ..;
			sourceTree = "<group>";
		};
		862E6A711C9D45C6004A2594 /* Comm */ = {
			isa = PBXGroup;
			children = (
				862E6A731C9D45FB004A2594 /* HackerNewsAPI.swift */,
				862E6A751C9D4C06004A2594 /* HackerNewsComm.swift */,
			);
			name = Comm;
			path = ..;
			sourceTree = "<group>";
		};
		862E6A7C1C9D5F87004A2594 /* MonkeyNewsTests */ = {
			isa = PBXGroup;
			children = (
				862E6A7D1C9D5F87004A2594 /* MonkeyNewsTests.swift */,
				862E6A7F1C9D5F87004A2594 /* Info.plist */,
			);
			path = MonkeyNewsTests;
			sourceTree = "<group>";
		};
		86A8385D1C9D8DD900729968 /* Controllers */ = {
			isa = PBXGroup;
			children = (
				8625663D1C94106200BC131D /* ViewController.h */,
				8625663E1C94106200BC131D /* ViewController.m */,
				86A8385E1C9D8E1C00729968 /* HackerNewsTableTableViewController.swift */,
				86984C951CA686300042A9DF /* StoryViewController.swift */,
				2D14D1D81CAFB0F30092D471 /* SettingsTableViewController.swift */,
			);
			name = Controllers;
			path = ..;
			sourceTree = "<group>";
		};
		D5289AC432DA09D09CE2B333 /* Pods */ = {
			isa = PBXGroup;
			children = (
				EB647ED86534567A36B9575F /* Pods.debug.xcconfig */,
				EB79D3E70CAB7A8057255785 /* Pods.release.xcconfig */,
			);
			name = Pods;
			sourceTree = "<group>";
		};
/* End PBXGroup section */

/* Begin PBXNativeTarget section */
		862566331C94106200BC131D /* MonkeyNews */ = {
			isa = PBXNativeTarget;
			buildConfigurationList = 862566611C94106300BC131D /* Build configuration list for PBXNativeTarget "MonkeyNews" */;
			buildPhases = (
				647F2B5DC2487983D4C2E19D /* Check Pods Manifest.lock */,
				862566301C94106200BC131D /* Sources */,
				862566311C94106200BC131D /* Frameworks */,
				862566321C94106200BC131D /* Resources */,
				6027B96D087471B5F5E886BA /* Embed Pods Frameworks */,
				FC5CC2B7DC2BE7A506E5DFB9 /* Copy Pods Resources */,
			);
			buildRules = (
			);
			dependencies = (
			);
			name = MonkeyNews;
			productName = MonkeyNews;
			productReference = 862566341C94106200BC131D /* MonkeyNews.app */;
			productType = "com.apple.product-type.application";
		};
		862566571C94106300BC131D /* MonkeyNewsUITests */ = {
			isa = PBXNativeTarget;
			buildConfigurationList = 862566671C94106300BC131D /* Build configuration list for PBXNativeTarget "MonkeyNewsUITests" */;
			buildPhases = (
				862566541C94106300BC131D /* Sources */,
				862566551C94106300BC131D /* Frameworks */,
				862566561C94106300BC131D /* Resources */,
			);
			buildRules = (
			);
			dependencies = (
				8625665A1C94106300BC131D /* PBXTargetDependency */,
			);
			name = MonkeyNewsUITests;
			productName = MonkeyNewsUITests;
			productReference = 862566581C94106300BC131D /* MonkeyNewsUITests.xctest */;
			productType = "com.apple.product-type.bundle.ui-testing";
		};
		862E6A7A1C9D5F87004A2594 /* MonkeyNewsTests */ = {
			isa = PBXNativeTarget;
			buildConfigurationList = 862E6A821C9D5F87004A2594 /* Build configuration list for PBXNativeTarget "MonkeyNewsTests" */;
			buildPhases = (
				862E6A771C9D5F87004A2594 /* Sources */,
				862E6A781C9D5F87004A2594 /* Frameworks */,
				862E6A791C9D5F87004A2594 /* Resources */,
			);
			buildRules = (
			);
			dependencies = (
				862E6A811C9D5F87004A2594 /* PBXTargetDependency */,
			);
			name = MonkeyNewsTests;
			productName = MonkeyNewsTests;
			productReference = 862E6A7B1C9D5F87004A2594 /* MonkeyNewsTests.xctest */;
			productType = "com.apple.product-type.bundle.unit-test";
		};
/* End PBXNativeTarget section */

/* Begin PBXProject section */
		8625662C1C94106200BC131D /* Project object */ = {
			isa = PBXProject;
			attributes = {
				LastSwiftUpdateCheck = 0720;
				LastUpgradeCheck = 0720;
				ORGANIZATIONNAME = training;
				TargetAttributes = {
					862566331C94106200BC131D = {
						CreatedOnToolsVersion = 7.2.1;
					};
					862566571C94106300BC131D = {
						CreatedOnToolsVersion = 7.2.1;
						TestTargetID = 862566331C94106200BC131D;
					};
					862E6A7A1C9D5F87004A2594 = {
						CreatedOnToolsVersion = 7.2.1;
						TestTargetID = 862566331C94106200BC131D;
					};
				};
			};
			buildConfigurationList = 8625662F1C94106200BC131D /* Build configuration list for PBXProject "MonkeyNews" */;
			compatibilityVersion = "Xcode 3.2";
			developmentRegion = English;
			hasScannedForEncodings = 0;
			knownRegions = (
				en,
				Base,
			);
			mainGroup = 8625662B1C94106200BC131D;
			productRefGroup = 862566351C94106200BC131D /* Products */;
			projectDirPath = "";
			projectRoot = "";
			targets = (
				862566331C94106200BC131D /* MonkeyNews */,
				862E6A7A1C9D5F87004A2594 /* MonkeyNewsTests */,
				862566571C94106300BC131D /* MonkeyNewsUITests */,
			);
		};
/* End PBXProject section */

/* Begin PBXResourcesBuildPhase section */
		862566321C94106200BC131D /* Resources */ = {
			isa = PBXResourcesBuildPhase;
			buildActionMask = 2147483647;
			files = (
				862566471C94106200BC131D /* LaunchScreen.storyboard in Resources */,
				862566441C94106200BC131D /* Assets.xcassets in Resources */,
				864AE4AE1C9D73C50086C5C8 /* Podfile in Resources */,
				862566421C94106200BC131D /* Main.storyboard in Resources */,
			);
			runOnlyForDeploymentPostprocessing = 0;
		};
		862566561C94106300BC131D /* Resources */ = {
			isa = PBXResourcesBuildPhase;
			buildActionMask = 2147483647;
			files = (
			);
			runOnlyForDeploymentPostprocessing = 0;
		};
		862E6A791C9D5F87004A2594 /* Resources */ = {
			isa = PBXResourcesBuildPhase;
			buildActionMask = 2147483647;
			files = (
			);
			runOnlyForDeploymentPostprocessing = 0;
		};
/* End PBXResourcesBuildPhase section */

/* Begin PBXShellScriptBuildPhase section */
		6027B96D087471B5F5E886BA /* Embed Pods Frameworks */ = {
			isa = PBXShellScriptBuildPhase;
			buildActionMask = 2147483647;
			files = (
			);
			inputPaths = (
			);
			name = "Embed Pods Frameworks";
			outputPaths = (
			);
			runOnlyForDeploymentPostprocessing = 0;
			shellPath = /bin/sh;
			shellScript = "\"${SRCROOT}/Pods/Target Support Files/Pods/Pods-frameworks.sh\"\n";
			showEnvVarsInLog = 0;
		};
		647F2B5DC2487983D4C2E19D /* Check Pods Manifest.lock */ = {
			isa = PBXShellScriptBuildPhase;
			buildActionMask = 2147483647;
			files = (
			);
			inputPaths = (
			);
			name = "Check Pods Manifest.lock";
			outputPaths = (
			);
			runOnlyForDeploymentPostprocessing = 0;
			shellPath = /bin/sh;
			shellScript = "diff \"${PODS_ROOT}/../Podfile.lock\" \"${PODS_ROOT}/Manifest.lock\" > /dev/null\nif [[ $? != 0 ]] ; then\n    cat << EOM\nerror: The sandbox is not in sync with the Podfile.lock. Run 'pod install' or update your CocoaPods installation.\nEOM\n    exit 1\nfi\n";
			showEnvVarsInLog = 0;
		};
		FC5CC2B7DC2BE7A506E5DFB9 /* Copy Pods Resources */ = {
			isa = PBXShellScriptBuildPhase;
			buildActionMask = 2147483647;
			files = (
			);
			inputPaths = (
			);
			name = "Copy Pods Resources";
			outputPaths = (
			);
			runOnlyForDeploymentPostprocessing = 0;
			shellPath = /bin/sh;
			shellScript = "\"${SRCROOT}/Pods/Target Support Files/Pods/Pods-resources.sh\"\n";
			showEnvVarsInLog = 0;
		};
/* End PBXShellScriptBuildPhase section */

/* Begin PBXSourcesBuildPhase section */
		862566301C94106200BC131D /* Sources */ = {
			isa = PBXSourcesBuildPhase;
			buildActionMask = 2147483647;
			files = (
				86984C961CA686300042A9DF /* StoryViewController.swift in Sources */,
				862E6A741C9D45FB004A2594 /* HackerNewsAPI.swift in Sources */,
				8625663F1C94106200BC131D /* ViewController.m in Sources */,
				2D14D1D91CAFB0F30092D471 /* SettingsTableViewController.swift in Sources */,
				86A8385F1C9D8E1C00729968 /* HackerNewsTableTableViewController.swift in Sources */,
				862566741C94437A00BC131D /* StoryTableViewCell.m in Sources */,
				8625666D1C942BB700BC131D /* StoryModel.m in Sources */,
				8625663C1C94106200BC131D /* AppDelegate.m in Sources */,
				862566391C94106200BC131D /* main.m in Sources */,
				862E6A761C9D4C06004A2594 /* HackerNewsComm.swift in Sources */,
				2D14D1DC1CAFB92B0092D471 /* SettingsKey.swift in Sources */,
				862566701C942DE700BC131D /* StoryCollection.m in Sources */,
			);
			runOnlyForDeploymentPostprocessing = 0;
		};
		862566541C94106300BC131D /* Sources */ = {
			isa = PBXSourcesBuildPhase;
			buildActionMask = 2147483647;
			files = (
				8625665D1C94106300BC131D /* MonkeyNewsUITests.m in Sources */,
			);
			runOnlyForDeploymentPostprocessing = 0;
		};
		862E6A771C9D5F87004A2594 /* Sources */ = {
			isa = PBXSourcesBuildPhase;
			buildActionMask = 2147483647;
			files = (
				862E6A7E1C9D5F87004A2594 /* MonkeyNewsTests.swift in Sources */,
			);
			runOnlyForDeploymentPostprocessing = 0;
		};
/* End PBXSourcesBuildPhase section */

/* Begin PBXTargetDependency section */
		8625665A1C94106300BC131D /* PBXTargetDependency */ = {
			isa = PBXTargetDependency;
			target = 862566331C94106200BC131D /* MonkeyNews */;
			targetProxy = 862566591C94106300BC131D /* PBXContainerItemProxy */;
		};
		862E6A811C9D5F87004A2594 /* PBXTargetDependency */ = {
			isa = PBXTargetDependency;
			target = 862566331C94106200BC131D /* MonkeyNews */;
			targetProxy = 862E6A801C9D5F87004A2594 /* PBXContainerItemProxy */;
		};
/* End PBXTargetDependency section */

/* Begin PBXVariantGroup section */
		862566401C94106200BC131D /* Main.storyboard */ = {
			isa = PBXVariantGroup;
			children = (
				862566411C94106200BC131D /* Base */,
			);
			name = Main.storyboard;
			sourceTree = "<group>";
		};
		862566451C94106200BC131D /* LaunchScreen.storyboard */ = {
			isa = PBXVariantGroup;
			children = (
				862566461C94106200BC131D /* Base */,
			);
			name = LaunchScreen.storyboard;
			sourceTree = "<group>";
		};
/* End PBXVariantGroup section */

/* Begin XCBuildConfiguration section */
		8625665F1C94106300BC131D /* Debug */ = {
			isa = XCBuildConfiguration;
			buildSettings = {
				ALWAYS_SEARCH_USER_PATHS = NO;
				CLANG_CXX_LANGUAGE_STANDARD = "gnu++0x";
				CLANG_CXX_LIBRARY = "libc++";
				CLANG_ENABLE_MODULES = YES;
				CLANG_ENABLE_OBJC_ARC = YES;
				CLANG_WARN_BOOL_CONVERSION = YES;
				CLANG_WARN_CONSTANT_CONVERSION = YES;
				CLANG_WARN_DIRECT_OBJC_ISA_USAGE = YES_ERROR;
				CLANG_WARN_EMPTY_BODY = YES;
				CLANG_WARN_ENUM_CONVERSION = YES;
				CLANG_WARN_INT_CONVERSION = YES;
				CLANG_WARN_OBJC_ROOT_CLASS = YES_ERROR;
				CLANG_WARN_UNREACHABLE_CODE = YES;
				CLANG_WARN__DUPLICATE_METHOD_MATCH = YES;
				"CODE_SIGN_IDENTITY[sdk=iphoneos*]" = "iPhone Developer";
				COPY_PHASE_STRIP = NO;
				DEBUG_INFORMATION_FORMAT = dwarf;
				ENABLE_STRICT_OBJC_MSGSEND = YES;
				ENABLE_TESTABILITY = YES;
				GCC_C_LANGUAGE_STANDARD = gnu99;
				GCC_DYNAMIC_NO_PIC = NO;
				GCC_NO_COMMON_BLOCKS = YES;
				GCC_OPTIMIZATION_LEVEL = 0;
				GCC_PREPROCESSOR_DEFINITIONS = (
					"DEBUG=1",
					"$(inherited)",
				);
				GCC_WARN_64_TO_32_BIT_CONVERSION = YES;
				GCC_WARN_ABOUT_RETURN_TYPE = YES_ERROR;
				GCC_WARN_UNDECLARED_SELECTOR = YES;
				GCC_WARN_UNINITIALIZED_AUTOS = YES_AGGRESSIVE;
				GCC_WARN_UNUSED_FUNCTION = YES;
				GCC_WARN_UNUSED_VARIABLE = YES;
				IPHONEOS_DEPLOYMENT_TARGET = 9.1;
				MTL_ENABLE_DEBUG_INFO = YES;
				ONLY_ACTIVE_ARCH = YES;
				SDKROOT = iphoneos;
				TARGETED_DEVICE_FAMILY = "1,2";
			};
			name = Debug;
		};
		862566601C94106300BC131D /* Release */ = {
			isa = XCBuildConfiguration;
			buildSettings = {
				ALWAYS_SEARCH_USER_PATHS = NO;
				CLANG_CXX_LANGUAGE_STANDARD = "gnu++0x";
				CLANG_CXX_LIBRARY = "libc++";
				CLANG_ENABLE_MODULES = YES;
				CLANG_ENABLE_OBJC_ARC = YES;
				CLANG_WARN_BOOL_CONVERSION = YES;
				CLANG_WARN_CONSTANT_CONVERSION = YES;
				CLANG_WARN_DIRECT_OBJC_ISA_USAGE = YES_ERROR;
				CLANG_WARN_EMPTY_BODY = YES;
				CLANG_WARN_ENUM_CONVERSION = YES;
				CLANG_WARN_INT_CONVERSION = YES;
				CLANG_WARN_OBJC_ROOT_CLASS = YES_ERROR;
				CLANG_WARN_UNREACHABLE_CODE = YES;
				CLANG_WARN__DUPLICATE_METHOD_MATCH = YES;
				"CODE_SIGN_IDENTITY[sdk=iphoneos*]" = "iPhone Developer";
				COPY_PHASE_STRIP = NO;
				DEBUG_INFORMATION_FORMAT = "dwarf-with-dsym";
				ENABLE_NS_ASSERTIONS = NO;
				ENABLE_STRICT_OBJC_MSGSEND = YES;
				GCC_C_LANGUAGE_STANDARD = gnu99;
				GCC_NO_COMMON_BLOCKS = YES;
				GCC_WARN_64_TO_32_BIT_CONVERSION = YES;
				GCC_WARN_ABOUT_RETURN_TYPE = YES_ERROR;
				GCC_WARN_UNDECLARED_SELECTOR = YES;
				GCC_WARN_UNINITIALIZED_AUTOS = YES_AGGRESSIVE;
				GCC_WARN_UNUSED_FUNCTION = YES;
				GCC_WARN_UNUSED_VARIABLE = YES;
				IPHONEOS_DEPLOYMENT_TARGET = 9.1;
				MTL_ENABLE_DEBUG_INFO = NO;
				SDKROOT = iphoneos;
				TARGETED_DEVICE_FAMILY = "1,2";
				VALIDATE_PRODUCT = YES;
			};
			name = Release;
		};
		862566621C94106300BC131D /* Debug */ = {
			isa = XCBuildConfiguration;
			baseConfigurationReference = EB647ED86534567A36B9575F /* Pods.debug.xcconfig */;
			buildSettings = {
				ASSETCATALOG_COMPILER_APPICON_NAME = AppIcon;
				CLANG_ALLOW_NON_MODULAR_INCLUDES_IN_FRAMEWORK_MODULES = YES;
				CLANG_ENABLE_MODULES = YES;
				INFOPLIST_FILE = MonkeyNews/Info.plist;
				LD_RUNPATH_SEARCH_PATHS = "$(inherited) @executable_path/Frameworks";
				PRODUCT_BUNDLE_IDENTIFIER = Gorillaz.MonkeyNews;
				PRODUCT_NAME = "$(TARGET_NAME)";
				SWIFT_OBJC_BRIDGING_HEADER = "MonkeyNews-Bridging-Header.h";
				SWIFT_OPTIMIZATION_LEVEL = "-Onone";
			};
			name = Debug;
		};
		862566631C94106300BC131D /* Release */ = {
			isa = XCBuildConfiguration;
			baseConfigurationReference = EB79D3E70CAB7A8057255785 /* Pods.release.xcconfig */;
			buildSettings = {
				ASSETCATALOG_COMPILER_APPICON_NAME = AppIcon;
				CLANG_ALLOW_NON_MODULAR_INCLUDES_IN_FRAMEWORK_MODULES = YES;
				CLANG_ENABLE_MODULES = YES;
				INFOPLIST_FILE = MonkeyNews/Info.plist;
				LD_RUNPATH_SEARCH_PATHS = "$(inherited) @executable_path/Frameworks";
				PRODUCT_BUNDLE_IDENTIFIER = Gorillaz.MonkeyNews;
				PRODUCT_NAME = "$(TARGET_NAME)";
				SWIFT_OBJC_BRIDGING_HEADER = "MonkeyNews-Bridging-Header.h";
			};
			name = Release;
		};
		862566681C94106300BC131D /* Debug */ = {
			isa = XCBuildConfiguration;
			buildSettings = {
				INFOPLIST_FILE = MonkeyNewsUITests/Info.plist;
				LD_RUNPATH_SEARCH_PATHS = "$(inherited) @executable_path/Frameworks @loader_path/Frameworks";
				PRODUCT_BUNDLE_IDENTIFIER = Gorillaz.MonkeyNewsUITests;
				PRODUCT_NAME = "$(TARGET_NAME)";
				TEST_TARGET_NAME = MonkeyNews;
				USES_XCTRUNNER = YES;
			};
			name = Debug;
		};
		862566691C94106300BC131D /* Release */ = {
			isa = XCBuildConfiguration;
			buildSettings = {
				INFOPLIST_FILE = MonkeyNewsUITests/Info.plist;
				LD_RUNPATH_SEARCH_PATHS = "$(inherited) @executable_path/Frameworks @loader_path/Frameworks";
				PRODUCT_BUNDLE_IDENTIFIER = Gorillaz.MonkeyNewsUITests;
				PRODUCT_NAME = "$(TARGET_NAME)";
				TEST_TARGET_NAME = MonkeyNews;
				USES_XCTRUNNER = YES;
			};
			name = Release;
		};
		862E6A831C9D5F87004A2594 /* Debug */ = {
			isa = XCBuildConfiguration;
			buildSettings = {
				BUNDLE_LOADER = "$(TEST_HOST)";
				INFOPLIST_FILE = MonkeyNewsTests/Info.plist;
				LD_RUNPATH_SEARCH_PATHS = "$(inherited) @executable_path/Frameworks @loader_path/Frameworks";
				PRODUCT_BUNDLE_IDENTIFIER = Gorillaz.MonkeyNewsTests;
				PRODUCT_NAME = "$(TARGET_NAME)";
				SWIFT_OPTIMIZATION_LEVEL = "-Onone";
				TEST_HOST = "$(BUILT_PRODUCTS_DIR)/MonkeyNews.app/MonkeyNews";
			};
			name = Debug;
		};
		862E6A841C9D5F87004A2594 /* Release */ = {
			isa = XCBuildConfiguration;
			buildSettings = {
				BUNDLE_LOADER = "$(TEST_HOST)";
				INFOPLIST_FILE = MonkeyNewsTests/Info.plist;
				LD_RUNPATH_SEARCH_PATHS = "$(inherited) @executable_path/Frameworks @loader_path/Frameworks";
				PRODUCT_BUNDLE_IDENTIFIER = Gorillaz.MonkeyNewsTests;
				PRODUCT_NAME = "$(TARGET_NAME)";
				TEST_HOST = "$(BUILT_PRODUCTS_DIR)/MonkeyNews.app/MonkeyNews";
			};
			name = Release;
		};
/* End XCBuildConfiguration section */

/* Begin XCConfigurationList section */
		8625662F1C94106200BC131D /* Build configuration list for PBXProject "MonkeyNews" */ = {
			isa = XCConfigurationList;
			buildConfigurations = (
				8625665F1C94106300BC131D /* Debug */,
				862566601C94106300BC131D /* Release */,
			);
			defaultConfigurationIsVisible = 0;
			defaultConfigurationName = Release;
		};
		862566611C94106300BC131D /* Build configuration list for PBXNativeTarget "MonkeyNews" */ = {
			isa = XCConfigurationList;
			buildConfigurations = (
				862566621C94106300BC131D /* Debug */,
				862566631C94106300BC131D /* Release */,
			);
			defaultConfigurationIsVisible = 0;
			defaultConfigurationName = Release;
		};
		862566671C94106300BC131D /* Build configuration list for PBXNativeTarget "MonkeyNewsUITests" */ = {
			isa = XCConfigurationList;
			buildConfigurations = (
				862566681C94106300BC131D /* Debug */,
				862566691C94106300BC131D /* Release */,
			);
			defaultConfigurationIsVisible = 0;
			defaultConfigurationName = Release;
		};
		862E6A821C9D5F87004A2594 /* Build configuration list for PBXNativeTarget "MonkeyNewsTests" */ = {
			isa = XCConfigurationList;
			buildConfigurations = (
				862E6A831C9D5F87004A2594 /* Debug */,
				862E6A841C9D5F87004A2594 /* Release */,
			);
			defaultConfigurationIsVisible = 0;
			defaultConfigurationName = Release;
		};
/* End XCConfigurationList section */
	};
	rootObject = 8625662C1C94106200BC131D /* Project object */;
}
